version = 1
revision = 1
requires-python = ">=3.13"

[[package]]
name = "datadirtest"
version = "1.8.7"
source = { url = "https://bitbucket.org/kds_consulting_team/datadirtest/get/1.8.7.zip" }
dependencies = [
    { name = "pathlib" },
]
sdist = { hash = "sha256:dc7415952647e6af06da664c6a111aeff65510fb37fc250d8e24278bd5737987" }

[package.metadata]
requires-dist = [{ name = "pathlib" }]

[[package]]
name = "dateparser"
version = "1.2.2"
source = { registry = "https://pypi.org/simple" }
dependencies = [
    { name = "python-dateutil" },
    { name = "pytz" },
    { name = "regex" },
    { name = "tzlocal" },
]
sdist = { url = "https://files.pythonhosted.org/packages/a9/30/064144f0df1749e7bb5faaa7f52b007d7c2d08ec08fed8411aba87207f68/dateparser-1.2.2.tar.gz", hash = "sha256:986316f17cb8cdc23ea8ce563027c5ef12fc725b6fb1d137c14ca08777c5ecf7", size = 329840 }
wheels = [
    { url = "https://files.pythonhosted.org/packages/87/22/f020c047ae1346613db9322638186468238bcfa8849b4668a22b97faad65/dateparser-1.2.2-py3-none-any.whl", hash = "sha256:5a5d7211a09013499867547023a2a0c91d5a27d15dd4dbcea676ea9fe66f2482", size = 315453 },
]

[[package]]
name = "deprecated"
version = "1.3.1"
source = { registry = "https://pypi.org/simple" }
dependencies = [
    { name = "wrapt" },
]
sdist = { url = "https://files.pythonhosted.org/packages/49/85/12f0a49a7c4ffb70572b6c2ef13c90c88fd190debda93b23f026b25f9634/deprecated-1.3.1.tar.gz", hash = "sha256:b1b50e0ff0c1fddaa5708a2c6b0a6588bb09b892825ab2b214ac9ea9d92a5223", size = 2932523 }
wheels = [
    { url = "https://files.pythonhosted.org/packages/84/d0/205d54408c08b13550c733c4b85429e7ead111c7f0014309637425520a9a/deprecated-1.3.1-py2.py3-none-any.whl", hash = "sha256:597bfef186b6f60181535a29fbe44865ce137a5079f295b479886c82729d5f3f", size = 11298 },
]

[[package]]
name = "duckdb"
version = "1.4.3"
source = { registry = "https://pypi.org/simple" }
sdist = { url = "https://files.pythonhosted.org/packages/7f/da/17c3eb5458af69d54dedc8d18e4a32ceaa8ce4d4c699d45d6d8287e790c3/duckdb-1.4.3.tar.gz", hash = "sha256:fea43e03604c713e25a25211ada87d30cd2a044d8f27afab5deba26ac49e5268", size = 18478418 }
wheels = [
    { url = "https://files.pythonhosted.org/packages/fd/76/288cca43a10ddd082788e1a71f1dc68d9130b5d078c3ffd0edf2f3a8719f/duckdb-1.4.3-cp313-cp313-macosx_10_13_universal2.whl", hash = "sha256:16952ac05bd7e7b39946695452bf450db1ebbe387e1e7178e10f593f2ea7b9a8", size = 29033392 },
    { url = "https://files.pythonhosted.org/packages/64/07/cbad3d3da24af4d1add9bccb5fb390fac726ffa0c0cebd29bf5591cef334/duckdb-1.4.3-cp313-cp313-macosx_10_13_x86_64.whl", hash = "sha256:de984cd24a6cbefdd6d4a349f7b9a46e583ca3e58ce10d8def0b20a6e5fcbe78", size = 15414567 },
    { url = "https://files.pythonhosted.org/packages/c4/19/57af0cc66ba2ffb8900f567c9aec188c6ab2a7b3f2260e9c6c3c5f9b57b1/duckdb-1.4.3-cp313-cp313-macosx_11_0_arm64.whl", hash = "sha256:1e5457dda91b67258aae30fb1a0df84183a9f6cd27abac1d5536c0d876c6dfa1", size = 13740960 },
    { url = "https://files.pythonhosted.org/packages/73/dd/23152458cf5fd51e813fadda60b9b5f011517634aa4bb9301f5f3aa951d8/duckdb-1.4.3-cp313-cp313-manylinux_2_26_aarch64.manylinux_2_28_aarch64.whl", hash = "sha256:006aca6a6d6736c441b02ff5c7600b099bb8b7f4de094b8b062137efddce42df", size = 18484312 },
    { url = "https://files.pythonhosted.org/packages/1a/7b/adf3f611f11997fc429d4b00a730604b65d952417f36a10c4be6e38e064d/duckdb-1.4.3-cp313-cp313-manylinux_2_26_x86_64.manylinux_2_28_x86_64.whl", hash = "sha256:a2813f4635f4d6681cc3304020374c46aca82758c6740d7edbc237fe3aae2744", size = 20495571 },
    { url = "https://files.pythonhosted.org/packages/40/d5/6b7ddda7713a788ab2d622c7267ec317718f2bdc746ce1fca49b7ff0e50f/duckdb-1.4.3-cp313-cp313-win_amd64.whl", hash = "sha256:6db124f53a3edcb32b0a896ad3519e37477f7e67bf4811cb41ab60c1ef74e4c8", size = 12335680 },
    { url = "https://files.pythonhosted.org/packages/e8/28/0670135cf54525081fded9bac1254f78984e3b96a6059cd15aca262e3430/duckdb-1.4.3-cp313-cp313-win_arm64.whl", hash = "sha256:a8b0a8764e1b5dd043d168c8f749314f7a1252b5a260fa415adaa26fa3b958fd", size = 13075161 },
    { url = "https://files.pythonhosted.org/packages/b6/f4/a38651e478fa41eeb8e43a0a9c0d4cd8633adea856e3ac5ac95124b0fdbf/duckdb-1.4.3-cp314-cp314-macosx_10_15_universal2.whl", hash = "sha256:316711a9e852bcfe1ed6241a5f654983f67e909e290495f3562cccdf43be8180", size = 29042272 },
    { url = "https://files.pythonhosted.org/packages/16/de/2cf171a66098ce5aeeb7371511bd2b3d7b73a2090603b0b9df39f8aaf814/duckdb-1.4.3-cp314-cp314-macosx_10_15_x86_64.whl", hash = "sha256:9e625b2b4d52bafa1fd0ebdb0990c3961dac8bb00e30d327185de95b68202131", size = 15419343 },
    { url = "https://files.pythonhosted.org/packages/35/28/6b0a7830828d4e9a37420d87e80fe6171d2869a9d3d960bf5d7c3b8c7ee4/duckdb-1.4.3-cp314-cp314-macosx_11_0_arm64.whl", hash = "sha256:130c6760f6c573f9c9fe9aba56adba0fab48811a4871b7b8fd667318b4a3e8da", size = 13748905 },
    { url = "https://files.pythonhosted.org/packages/15/4d/778628e194d63967870873b9581c8a6b4626974aa4fbe09f32708a2d3d3a/duckdb-1.4.3-cp314-cp314-manylinux_2_26_aarch64.manylinux_2_28_aarch64.whl", hash = "sha256:20c88effaa557a11267706b01419c542fe42f893dee66e5a6daa5974ea2d4a46", size = 18487261 },
    { url = "https://files.pythonhosted.org/packages/c6/5f/87e43af2e4a0135f9675449563e7c2f9b6f1fe6a2d1691c96b091f3904dd/duckdb-1.4.3-cp314-cp314-manylinux_2_26_x86_64.manylinux_2_28_x86_64.whl", hash = "sha256:1b35491db98ccd11d151165497c084a9d29d3dc42fc80abea2715a6c861ca43d", size = 20497138 },
    { url = "https://files.pythonhosted.org/packages/94/41/abec537cc7c519121a2a83b9a6f180af8915fabb433777dc147744513e74/duckdb-1.4.3-cp314-cp314-win_amd64.whl", hash = "sha256:23b12854032c1a58d0452e2b212afa908d4ce64171862f3792ba9a596ba7c765", size = 12836056 },
    { url = "https://files.pythonhosted.org/packages/b1/5a/8af5b96ce5622b6168854f479ce846cf7fb589813dcc7d8724233c37ded3/duckdb-1.4.3-cp314-cp314-win_arm64.whl", hash = "sha256:90f241f25cffe7241bf9f376754a5845c74775e00e1c5731119dc88cd71e0cb2", size = 13527759 },
]

[[package]]
name = "flake8"
version = "7.3.0"
source = { registry = "https://pypi.org/simple" }
dependencies = [
    { name = "mccabe" },
    { name = "pycodestyle" },
    { name = "pyflakes" },
]
sdist = { url = "https://files.pythonhosted.org/packages/9b/af/fbfe3c4b5a657d79e5c47a2827a362f9e1b763336a52f926126aa6dc7123/flake8-7.3.0.tar.gz", hash = "sha256:fe044858146b9fc69b551a4b490d69cf960fcb78ad1edcb84e7fbb1b4a8e3872", size = 48326 }
wheels = [
    { url = "https://files.pythonhosted.org/packages/9f/56/13ab06b4f93ca7cac71078fbe37fcea175d3216f31f85c3168a6bbd0bb9a/flake8-7.3.0-py2.py3-none-any.whl", hash = "sha256:b9696257b9ce8beb888cdbe31cf885c90d31928fe202be0889a7cdafad32f01e", size = 57922 },
]

[[package]]
name = "freezegun"
version = "1.5.1"
source = { registry = "https://pypi.org/simple" }
dependencies = [
    { name = "python-dateutil" },
]
sdist = { url = "https://files.pythonhosted.org/packages/2c/ef/722b8d71ddf4d48f25f6d78aa2533d505bf3eec000a7cacb8ccc8de61f2f/freezegun-1.5.1.tar.gz", hash = "sha256:b29dedfcda6d5e8e083ce71b2b542753ad48cfec44037b3fc79702e2980a89e9", size = 33697 }
wheels = [
    { url = "https://files.pythonhosted.org/packages/51/0b/0d7fee5919bccc1fdc1c2a7528b98f65c6f69b223a3fd8f809918c142c36/freezegun-1.5.1-py3-none-any.whl", hash = "sha256:bf111d7138a8abe55ab48a71755673dbaa4ab87f4cff5634a4442dfec34c15f1", size = 17569 },
]

[[package]]
name = "keboola-component"
version = "1.6.3"
source = { registry = "https://pypi.org/simple" }
dependencies = [
    { name = "deprecated" },
    { name = "pygelf" },
    { name = "pytz" },
]
sdist = { url = "https://files.pythonhosted.org/packages/fb/36/689bcd9a2892f3ee2d070920320553b644ae5f60bd814978459216581984/keboola.component-1.6.3.tar.gz", hash = "sha256:dc6c53885fa05b0e0373efd55cfffa6589a8312e787eb0d974525099f3e66d43", size = 45449 }
wheels = [
    { url = "https://files.pythonhosted.org/packages/3e/41/a67b07709fc4082d659a05e3e9ecaa09946b143a9deefacf1694af73b793/keboola.component-1.6.3-py3-none-any.whl", hash = "sha256:8f5fdb94b2821a94acdfeecbb989f2ef3d775c9bd2fb00516381ed708991d64b", size = 40865 },
]

[[package]]
name = "keboola-utils"
version = "1.1.0"
source = { registry = "https://pypi.org/simple" }
dependencies = [
    { name = "dateparser" },
    { name = "pytz" },
]
sdist = { url = "https://files.pythonhosted.org/packages/a7/b8/ccfddc2eb510f7a6ab878ab8a6249a23494194780a436676da6c2f5d23c7/keboola.utils-1.1.0.tar.gz", hash = "sha256:e943dbda932d945bcd5edd51283eea8f7035249c9dac769d3e96d2f507b52f60", size = 9830 }
wheels = [
    { url = "https://files.pythonhosted.org/packages/f9/f4/6697a0c2ff512baa7b84413972e51d5449a0a145f68dc750f05a8b1da39d/keboola.utils-1.1.0-py3-none-any.whl", hash = "sha256:8c73faa4a81f371a2eecd8465b08a51b3f7608969dd91d38d5b3bcfad7ef0da5", size = 10131 },
]

[[package]]
name = "mccabe"
version = "0.7.0"
source = { registry = "https://pypi.org/simple" }
sdist = { url = "https://files.pythonhosted.org/packages/e7/ff/0ffefdcac38932a54d2b5eed4e0ba8a408f215002cd178ad1df0f2806ff8/mccabe-0.7.0.tar.gz", hash = "sha256:348e0240c33b60bbdf4e523192ef919f28cb2c3d7d5c7794f74009290f236325", size = 9658 }
wheels = [
    { url = "https://files.pythonhosted.org/packages/27/1a/1f68f9ba0c207934b35b86a8ca3aad8395a3d6dd7921c0686e23853ff5a9/mccabe-0.7.0-py2.py3-none-any.whl", hash = "sha256:6c2d30ab6be0e4a46919781807b4f0d834ebdd6c6e3dca0bda5a15f863427b6e", size = 7350 },
]

[[package]]
name = "mock"
version = "5.1.0"
source = { registry = "https://pypi.org/simple" }
sdist = { url = "https://files.pythonhosted.org/packages/66/ab/41d09a46985ead5839d8be987acda54b5bb93f713b3969cc0be4f81c455b/mock-5.1.0.tar.gz", hash = "sha256:5e96aad5ccda4718e0a229ed94b2024df75cc2d55575ba5762d31f5767b8767d", size = 80232 }
wheels = [
    { url = "https://files.pythonhosted.org/packages/6b/20/471f41173930550f279ccb65596a5ac19b9ac974a8d93679bcd3e0c31498/mock-5.1.0-py3-none-any.whl", hash = "sha256:18c694e5ae8a208cdb3d2c20a993ca1a7b0efa258c247a1e565150f477f83744", size = 30938 },
]

[[package]]
name = "pathlib"
version = "1.0.1"
source = { registry = "https://pypi.org/simple" }
sdist = { url = "https://files.pythonhosted.org/packages/ac/aa/9b065a76b9af472437a0059f77e8f962fe350438b927cb80184c32f075eb/pathlib-1.0.1.tar.gz", hash = "sha256:6940718dfc3eff4258203ad5021090933e5c04707d5ca8cc9e73c94a7894ea9f", size = 49298 }
wheels = [
    { url = "https://files.pythonhosted.org/packages/78/f9/690a8600b93c332de3ab4a344a4ac34f00c8f104917061f779db6a918ed6/pathlib-1.0.1-py3-none-any.whl", hash = "sha256:f35f95ab8b0f59e6d354090350b44a80a80635d22efdedfa84c7ad1cf0a74147", size = 14363 },
]

[[package]]
name = "processor-duckdb"
version = "0.1.0"
source = { virtual = "." }
dependencies = [
    { name = "datadirtest" },
    { name = "duckdb" },
    { name = "flake8" },
    { name = "freezegun" },
    { name = "keboola-component" },
    { name = "keboola-utils" },
    { name = "mock" },
]

[package.metadata]
requires-dist = [
    { name = "datadirtest", url = "https://bitbucket.org/kds_consulting_team/datadirtest/get/1.8.7.zip" },
    { name = "duckdb", specifier = "==1.4.3" },
    { name = "flake8", specifier = ">=7.3.0" },
    { name = "freezegun", specifier = "==1.5.1" },
    { name = "keboola-component", specifier = "==1.6.3" },
    { name = "keboola-utils", specifier = "==1.1.0" },
    { name = "mock", specifier = "==5.1.0" },
]

[[package]]
name = "pycodestyle"
version = "2.14.0"
source = { registry = "https://pypi.org/simple" }
sdist = { url = "https://files.pythonhosted.org/packages/11/e0/abfd2a0d2efe47670df87f3e3a0e2edda42f055053c85361f19c0e2c1ca8/pycodestyle-2.14.0.tar.gz", hash = "sha256:c4b5b517d278089ff9d0abdec919cd97262a3367449ea1c8b49b91529167b783", size = 39472 }
wheels = [
    { url = "https://files.pythonhosted.org/packages/d7/27/a58ddaf8c588a3ef080db9d0b7e0b97215cee3a45df74f3a94dbbf5c893a/pycodestyle-2.14.0-py2.py3-none-any.whl", hash = "sha256:dd6bf7cb4ee77f8e016f9c8e74a35ddd9f67e1d5fd4184d86c3b98e07099f42d", size = 31594 },
]

[[package]]
name = "pyflakes"
version = "3.4.0"
source = { registry = "https://pypi.org/simple" }
sdist = { url = "https://files.pythonhosted.org/packages/45/dc/fd034dc20b4b264b3d015808458391acbf9df40b1e54750ef175d39180b1/pyflakes-3.4.0.tar.gz", hash = "sha256:b24f96fafb7d2ab0ec5075b7350b3d2d2218eab42003821c06344973d3ea2f58", size = 64669 }
wheels = [
    { url = "https://files.pythonhosted.org/packages/c2/2f/81d580a0fb83baeb066698975cb14a618bdbed7720678566f1b046a95fe8/pyflakes-3.4.0-py2.py3-none-any.whl", hash = "sha256:f742a7dbd0d9cb9ea41e9a24a918996e8170c799fa528688d40dd582c8265f4f", size = 63551 },
]

[[package]]
name = "pygelf"
version = "0.4.3"
source = { registry = "https://pypi.org/simple" }
sdist = { url = "https://files.pythonhosted.org/packages/49/91/ac1605bb40092ae41fbb833ee55447f72e19ce5459efa6bd3beecc67e971/pygelf-0.4.3.tar.gz", hash = "sha256:8ed972563be3c8f168483f01dbf522b6bc697959c97a3f4881324b3f79638911", size = 11017 }
wheels = [
    { url = "https://files.pythonhosted.org/packages/d4/ee/ebac3de919431912e0be380fafd01059a091a489f6b5d7896c2a04548895/pygelf-0.4.3-py3-none-any.whl", hash = "sha256:0876c99a77f9f021834982c9808205b3239fabf5886788d701f31b495b65c8ae", size = 8750 },
]

[[package]]
name = "python-dateutil"
version = "2.9.0.post0"
source = { registry = "https://pypi.org/simple" }
dependencies = [
    { name = "six" },
]
sdist = { url = "https://files.pythonhosted.org/packages/66/c0/0c8b6ad9f17a802ee498c46e004a0eb49bc148f2fd230864601a86dcf6db/python-dateutil-2.9.0.post0.tar.gz", hash = "sha256:37dd54208da7e1cd875388217d5e00ebd4179249f90fb72437e91a35459a0ad3", size = 342432 }
wheels = [
    { url = "https://files.pythonhosted.org/packages/ec/57/56b9bcc3c9c6a792fcbaf139543cee77261f3651ca9da0c93f5c1221264b/python_dateutil-2.9.0.post0-py2.py3-none-any.whl", hash = "sha256:a8b2bc7bffae282281c8140a97d3aa9c14da0b136dfe83f850eea9a5f7470427", size = 229892 },
]

[[package]]
name = "pytz"
version = "2025.2"
source = { registry = "https://pypi.org/simple" }
sdist = { url = "https://files.pythonhosted.org/packages/f8/bf/abbd3cdfb8fbc7fb3d4d38d320f2441b1e7cbe29be4f23797b4a2b5d8aac/pytz-2025.2.tar.gz", hash = "sha256:360b9e3dbb49a209c21ad61809c7fb453643e048b38924c765813546746e81c3", size = 320884 }
wheels = [
    { url = "https://files.pythonhosted.org/packages/81/c4/34e93fe5f5429d7570ec1fa436f1986fb1f00c3e0f43a589fe2bbcd22c3f/pytz-2025.2-py2.py3-none-any.whl", hash = "sha256:5ddf76296dd8c44c26eb8f4b6f35488f3ccbf6fbbd7adee0b7262d43f0ec2f00", size = 509225 },
]

[[package]]
name = "regex"
version = "2025.11.3"
source = { registry = "https://pypi.org/simple" }
sdist = { url = "https://files.pythonhosted.org/packages/cc/a9/546676f25e573a4cf00fe8e119b78a37b6a8fe2dc95cda877b30889c9c45/regex-2025.11.3.tar.gz", hash = "sha256:1fedc720f9bb2494ce31a58a1631f9c82df6a09b49c19517ea5cc280b4541e01", size = 414669 }
wheels = [
    { url = "https://files.pythonhosted.org/packages/e1/a7/dda24ebd49da46a197436ad96378f17df30ceb40e52e859fc42cac45b850/regex-2025.11.3-cp313-cp313-macosx_10_13_universal2.whl", hash = "sha256:c1e448051717a334891f2b9a620fe36776ebf3dd8ec46a0b877c8ae69575feb4", size = 489081 },
    { url = "https://files.pythonhosted.org/packages/19/22/af2dc751aacf88089836aa088a1a11c4f21a04707eb1b0478e8e8fb32847/regex-2025.11.3-cp313-cp313-macosx_10_13_x86_64.whl", hash = "sha256:9b5aca4d5dfd7fbfbfbdaf44850fcc7709a01146a797536a8f84952e940cca76", size = 291123 },
    { url = "https://files.pythonhosted.org/packages/a3/88/1a3ea5672f4b0a84802ee9891b86743438e7c04eb0b8f8c4e16a42375327/regex-2025.11.3-cp313-cp313-macosx_11_0_arm64.whl", hash = "sha256:04d2765516395cf7dda331a244a3282c0f5ae96075f728629287dfa6f76ba70a", size = 288814 },
    { url = "https://files.pythonhosted.org/packages/fb/8c/f5987895bf42b8ddeea1b315c9fedcfe07cadee28b9c98cf50d00adcb14d/regex-2025.11.3-cp313-cp313-manylinux2014_aarch64.manylinux_2_17_aarch64.manylinux_2_28_aarch64.whl", hash = "sha256:5d9903ca42bfeec4cebedba8022a7c97ad2aab22e09573ce9976ba01b65e4361", size = 798592 },
    { url = "https://files.pythonhosted.org/packages/99/2a/6591ebeede78203fa77ee46a1c36649e02df9eaa77a033d1ccdf2fcd5d4e/regex-2025.11.3-cp313-cp313-manylinux2014_ppc64le.manylinux_2_17_ppc64le.manylinux_2_28_ppc64le.whl", hash = "sha256:639431bdc89d6429f6721625e8129413980ccd62e9d3f496be618a41d205f160", size = 864122 },
    { url = "https://files.pythonhosted.org/packages/94/d6/be32a87cf28cf8ed064ff281cfbd49aefd90242a83e4b08b5a86b38e8eb4/regex-2025.11.3-cp313-cp313-manylinux2014_s390x.manylinux_2_17_s390x.manylinux_2_28_s390x.whl", hash = "sha256:f117efad42068f9715677c8523ed2be1518116d1c49b1dd17987716695181efe", size = 912272 },
    { url = "https://files.pythonhosted.org/packages/62/11/9bcef2d1445665b180ac7f230406ad80671f0fc2a6ffb93493b5dd8cd64c/regex-2025.11.3-cp313-cp313-manylinux2014_x86_64.manylinux_2_17_x86_64.manylinux_2_28_x86_64.whl", hash = "sha256:4aecb6f461316adf9f1f0f6a4a1a3d79e045f9b71ec76055a791affa3b285850", size = 803497 },
    { url = "https://files.pythonhosted.org/packages/e5/a7/da0dc273d57f560399aa16d8a68ae7f9b57679476fc7ace46501d455fe84/regex-2025.11.3-cp313-cp313-musllinux_1_2_aarch64.whl", hash = "sha256:3b3a5f320136873cc5561098dfab677eea139521cb9a9e8db98b7e64aef44cbc", size = 787892 },
    { url = "https://files.pythonhosted.org/packages/da/4b/732a0c5a9736a0b8d6d720d4945a2f1e6f38f87f48f3173559f53e8d5d82/regex-2025.11.3-cp313-cp313-musllinux_1_2_ppc64le.whl", hash = "sha256:75fa6f0056e7efb1f42a1c34e58be24072cb9e61a601340cc1196ae92326a4f9", size = 858462 },
    { url = "https://files.pythonhosted.org/packages/0c/f5/a2a03df27dc4c2d0c769220f5110ba8c4084b0bfa9ab0f9b4fcfa3d2b0fc/regex-2025.11.3-cp313-cp313-musllinux_1_2_s390x.whl", hash = "sha256:dbe6095001465294f13f1adcd3311e50dd84e5a71525f20a10bd16689c61ce0b", size = 850528 },
    { url = "https://files.pythonhosted.org/packages/d6/09/e1cd5bee3841c7f6eb37d95ca91cdee7100b8f88b81e41c2ef426910891a/regex-2025.11.3-cp313-cp313-musllinux_1_2_x86_64.whl", hash = "sha256:454d9b4ae7881afbc25015b8627c16d88a597479b9dea82b8c6e7e2e07240dc7", size = 789866 },
    { url = "https://files.pythonhosted.org/packages/eb/51/702f5ea74e2a9c13d855a6a85b7f80c30f9e72a95493260193c07f3f8d74/regex-2025.11.3-cp313-cp313-win32.whl", hash = "sha256:28ba4d69171fc6e9896337d4fc63a43660002b7da53fc15ac992abcf3410917c", size = 266189 },
    { url = "https://files.pythonhosted.org/packages/8b/00/6e29bb314e271a743170e53649db0fdb8e8ff0b64b4f425f5602f4eb9014/regex-2025.11.3-cp313-cp313-win_amd64.whl", hash = "sha256:bac4200befe50c670c405dc33af26dad5a3b6b255dd6c000d92fe4629f9ed6a5", size = 277054 },
    { url = "https://files.pythonhosted.org/packages/25/f1/b156ff9f2ec9ac441710764dda95e4edaf5f36aca48246d1eea3f1fd96ec/regex-2025.11.3-cp313-cp313-win_arm64.whl", hash = "sha256:2292cd5a90dab247f9abe892ac584cb24f0f54680c73fcb4a7493c66c2bf2467", size = 270325 },
    { url = "https://files.pythonhosted.org/packages/20/28/fd0c63357caefe5680b8ea052131acbd7f456893b69cc2a90cc3e0dc90d4/regex-2025.11.3-cp313-cp313t-macosx_10_13_universal2.whl", hash = "sha256:1eb1ebf6822b756c723e09f5186473d93236c06c579d2cc0671a722d2ab14281", size = 491984 },
    { url = "https://files.pythonhosted.org/packages/df/ec/7014c15626ab46b902b3bcc4b28a7bae46d8f281fc7ea9c95e22fcaaa917/regex-2025.11.3-cp313-cp313t-macosx_10_13_x86_64.whl", hash = "sha256:1e00ec2970aab10dc5db34af535f21fcf32b4a31d99e34963419636e2f85ae39", size = 292673 },
    { url = "https://files.pythonhosted.org/packages/23/ab/3b952ff7239f20d05f1f99e9e20188513905f218c81d52fb5e78d2bf7634/regex-2025.11.3-cp313-cp313t-macosx_11_0_arm64.whl", hash = "sha256:a4cb042b615245d5ff9b3794f56be4138b5adc35a4166014d31d1814744148c7", size = 291029 },
    { url = "https://files.pythonhosted.org/packages/21/7e/3dc2749fc684f455f162dcafb8a187b559e2614f3826877d3844a131f37b/regex-2025.11.3-cp313-cp313t-manylinux2014_aarch64.manylinux_2_17_aarch64.manylinux_2_28_aarch64.whl", hash = "sha256:44f264d4bf02f3176467d90b294d59bf1db9fe53c141ff772f27a8b456b2a9ed", size = 807437 },
    { url = "https://files.pythonhosted.org/packages/1b/0b/d529a85ab349c6a25d1ca783235b6e3eedf187247eab536797021f7126c6/regex-2025.11.3-cp313-cp313t-manylinux2014_ppc64le.manylinux_2_17_ppc64le.manylinux_2_28_ppc64le.whl", hash = "sha256:7be0277469bf3bd7a34a9c57c1b6a724532a0d235cd0dc4e7f4316f982c28b19", size = 873368 },
    { url = "https://files.pythonhosted.org/packages/7d/18/2d868155f8c9e3e9d8f9e10c64e9a9f496bb8f7e037a88a8bed26b435af6/regex-2025.11.3-cp313-cp313t-manylinux2014_s390x.manylinux_2_17_s390x.manylinux_2_28_s390x.whl", hash = "sha256:0d31e08426ff4b5b650f68839f5af51a92a5b51abd8554a60c2fbc7c71f25d0b", size = 914921 },
    { url = "https://files.pythonhosted.org/packages/2d/71/9d72ff0f354fa783fe2ba913c8734c3b433b86406117a8db4ea2bf1c7a2f/regex-2025.11.3-cp313-cp313t-manylinux2014_x86_64.manylinux_2_17_x86_64.manylinux_2_28_x86_64.whl", hash = "sha256:e43586ce5bd28f9f285a6e729466841368c4a0353f6fd08d4ce4630843d3648a", size = 812708 },
    { url = "https://files.pythonhosted.org/packages/e7/19/ce4bf7f5575c97f82b6e804ffb5c4e940c62609ab2a0d9538d47a7fdf7d4/regex-2025.11.3-cp313-cp313t-musllinux_1_2_aarch64.whl", hash = "sha256:0f9397d561a4c16829d4e6ff75202c1c08b68a3bdbfe29dbfcdb31c9830907c6", size = 795472 },
    { url = "https://files.pythonhosted.org/packages/03/86/fd1063a176ffb7b2315f9a1b08d17b18118b28d9df163132615b835a26ee/regex-2025.11.3-cp313-cp313t-musllinux_1_2_ppc64le.whl", hash = "sha256:dd16e78eb18ffdb25ee33a0682d17912e8cc8a770e885aeee95020046128f1ce", size = 868341 },
    { url = "https://files.pythonhosted.org/packages/12/43/103fb2e9811205e7386366501bc866a164a0430c79dd59eac886a2822950/regex-2025.11.3-cp313-cp313t-musllinux_1_2_s390x.whl", hash = "sha256:ffcca5b9efe948ba0661e9df0fa50d2bc4b097c70b9810212d6b62f05d83b2dd", size = 854666 },
    { url = "https://files.pythonhosted.org/packages/7d/22/e392e53f3869b75804762c7c848bd2dd2abf2b70fb0e526f58724638bd35/regex-2025.11.3-cp313-cp313t-musllinux_1_2_x86_64.whl", hash = "sha256:c56b4d162ca2b43318ac671c65bd4d563e841a694ac70e1a976ac38fcf4ca1d2", size = 799473 },
    { url = "https://files.pythonhosted.org/packages/4f/f9/8bd6b656592f925b6845fcbb4d57603a3ac2fb2373344ffa1ed70aa6820a/regex-2025.11.3-cp313-cp313t-win32.whl", hash = "sha256:9ddc42e68114e161e51e272f667d640f97e84a2b9ef14b7477c53aac20c2d59a", size = 268792 },
    { url = "https://files.pythonhosted.org/packages/e5/87/0e7d603467775ff65cd2aeabf1b5b50cc1c3708556a8b849a2fa4dd1542b/regex-2025.11.3-cp313-cp313t-win_amd64.whl", hash = "sha256:7a7c7fdf755032ffdd72c77e3d8096bdcb0eb92e89e17571a196f03d88b11b3c", size = 280214 },
    { url = "https://files.pythonhosted.org/packages/8d/d0/2afc6f8e94e2b64bfb738a7c2b6387ac1699f09f032d363ed9447fd2bb57/regex-2025.11.3-cp313-cp313t-win_arm64.whl", hash = "sha256:df9eb838c44f570283712e7cff14c16329a9f0fb19ca492d21d4b7528ee6821e", size = 271469 },
    { url = "https://files.pythonhosted.org/packages/31/e9/f6e13de7e0983837f7b6d238ad9458800a874bf37c264f7923e63409944c/regex-2025.11.3-cp314-cp314-macosx_10_13_universal2.whl", hash = "sha256:9697a52e57576c83139d7c6f213d64485d3df5bf84807c35fa409e6c970801c6", size = 489089 },
    { url = "https://files.pythonhosted.org/packages/a3/5c/261f4a262f1fa65141c1b74b255988bd2fa020cc599e53b080667d591cfc/regex-2025.11.3-cp314-cp314-macosx_10_13_x86_64.whl", hash = "sha256:e18bc3f73bd41243c9b38a6d9f2366cd0e0137a9aebe2d8ff76c5b67d4c0a3f4", size = 291059 },
    { url = "https://files.pythonhosted.org/packages/8e/57/f14eeb7f072b0e9a5a090d1712741fd8f214ec193dba773cf5410108bb7d/regex-2025.11.3-cp314-cp314-macosx_11_0_arm64.whl", hash = "sha256:61a08bcb0ec14ff4e0ed2044aad948d0659604f824cbd50b55e30b0ec6f09c73", size = 288900 },
    { url = "https://files.pythonhosted.org/packages/3c/6b/1d650c45e99a9b327586739d926a1cd4e94666b1bd4af90428b36af66dc7/regex-2025.11.3-cp314-cp314-manylinux2014_aarch64.manylinux_2_17_aarch64.manylinux_2_28_aarch64.whl", hash = "sha256:c9c30003b9347c24bcc210958c5d167b9e4f9be786cb380a7d32f14f9b84674f", size = 799010 },
    { url = "https://files.pythonhosted.org/packages/99/ee/d66dcbc6b628ce4e3f7f0cbbb84603aa2fc0ffc878babc857726b8aab2e9/regex-2025.11.3-cp314-cp314-manylinux2014_ppc64le.manylinux_2_17_ppc64le.manylinux_2_28_ppc64le.whl", hash = "sha256:4e1e592789704459900728d88d41a46fe3969b82ab62945560a31732ffc19a6d", size = 864893 },
    { url = "https://files.pythonhosted.org/packages/bf/2d/f238229f1caba7ac87a6c4153d79947fb0261415827ae0f77c304260c7d3/regex-2025.11.3-cp314-cp314-manylinux2014_s390x.manylinux_2_17_s390x.manylinux_2_28_s390x.whl", hash = "sha256:6538241f45eb5a25aa575dbba1069ad786f68a4f2773a29a2bd3dd1f9de787be", size = 911522 },
    { url = "https://files.pythonhosted.org/packages/bd/3d/22a4eaba214a917c80e04f6025d26143690f0419511e0116508e24b11c9b/regex-2025.11.3-cp314-cp314-manylinux2014_x86_64.manylinux_2_17_x86_64.manylinux_2_28_x86_64.whl", hash = "sha256:bce22519c989bb72a7e6b36a199384c53db7722fe669ba891da75907fe3587db", size = 803272 },
    { url = "https://files.pythonhosted.org/packages/84/b1/03188f634a409353a84b5ef49754b97dbcc0c0f6fd6c8ede505a8960a0a4/regex-2025.11.3-cp314-cp314-musllinux_1_2_aarch64.whl", hash = "sha256:66d559b21d3640203ab9075797a55165d79017520685fb407b9234d72ab63c62", size = 787958 },
    { url = "https://files.pythonhosted.org/packages/99/6a/27d072f7fbf6fadd59c64d210305e1ff865cc3b78b526fd147db768c553b/regex-2025.11.3-cp314-cp314-musllinux_1_2_ppc64le.whl", hash = "sha256:669dcfb2e38f9e8c69507bace46f4889e3abbfd9b0c29719202883c0a603598f", size = 859289 },
    { url = "https://files.pythonhosted.org/packages/9a/70/1b3878f648e0b6abe023172dacb02157e685564853cc363d9961bcccde4e/regex-2025.11.3-cp314-cp314-musllinux_1_2_s390x.whl", hash = "sha256:32f74f35ff0f25a5021373ac61442edcb150731fbaa28286bbc8bb1582c89d02", size = 850026 },
    { url = "https://files.pythonhosted.org/packages/dd/d5/68e25559b526b8baab8e66839304ede68ff6727237a47727d240006bd0ff/regex-2025.11.3-cp314-cp314-musllinux_1_2_x86_64.whl", hash = "sha256:e6c7a21dffba883234baefe91bc3388e629779582038f75d2a5be918e250f0ed", size = 789499 },
    { url = "https://files.pythonhosted.org/packages/fc/df/43971264857140a350910d4e33df725e8c94dd9dee8d2e4729fa0d63d49e/regex-2025.11.3-cp314-cp314-win32.whl", hash = "sha256:795ea137b1d809eb6836b43748b12634291c0ed55ad50a7d72d21edf1cd565c4", size = 271604 },
    { url = "https://files.pythonhosted.org/packages/01/6f/9711b57dc6894a55faf80a4c1b5aa4f8649805cb9c7aef46f7d27e2b9206/regex-2025.11.3-cp314-cp314-win_amd64.whl", hash = "sha256:9f95fbaa0ee1610ec0fc6b26668e9917a582ba80c52cc6d9ada15e30aa9ab9ad", size = 280320 },
    { url = "https://files.pythonhosted.org/packages/f1/7e/f6eaa207d4377481f5e1775cdeb5a443b5a59b392d0065f3417d31d80f87/regex-2025.11.3-cp314-cp314-win_arm64.whl", hash = "sha256:dfec44d532be4c07088c3de2876130ff0fbeeacaa89a137decbbb5f665855a0f", size = 273372 },
    { url = "https://files.pythonhosted.org/packages/c3/06/49b198550ee0f5e4184271cee87ba4dfd9692c91ec55289e6282f0f86ccf/regex-2025.11.3-cp314-cp314t-macosx_10_13_universal2.whl", hash = "sha256:ba0d8a5d7f04f73ee7d01d974d47c5834f8a1b0224390e4fe7c12a3a92a78ecc", size = 491985 },
    { url = "https://files.pythonhosted.org/packages/ce/bf/abdafade008f0b1c9da10d934034cb670432d6cf6cbe38bbb53a1cfd6cf8/regex-2025.11.3-cp314-cp314t-macosx_10_13_x86_64.whl", hash = "sha256:442d86cf1cfe4faabf97db7d901ef58347efd004934da045c745e7b5bd57ac49", size = 292669 },
    { url = "https://files.pythonhosted.org/packages/f9/ef/0c357bb8edbd2ad8e273fcb9e1761bc37b8acbc6e1be050bebd6475f19c1/regex-2025.11.3-cp314-cp314t-macosx_11_0_arm64.whl", hash = "sha256:fd0a5e563c756de210bb964789b5abe4f114dacae9104a47e1a649b910361536", size = 291030 },
    { url = "https://files.pythonhosted.org/packages/79/06/edbb67257596649b8fb088d6aeacbcb248ac195714b18a65e018bf4c0b50/regex-2025.11.3-cp314-cp314t-manylinux2014_aarch64.manylinux_2_17_aarch64.manylinux_2_28_aarch64.whl", hash = "sha256:bf3490bcbb985a1ae97b2ce9ad1c0f06a852d5b19dde9b07bdf25bf224248c95", size = 807674 },
    { url = "https://files.pythonhosted.org/packages/f4/d9/ad4deccfce0ea336296bd087f1a191543bb99ee1c53093dcd4c64d951d00/regex-2025.11.3-cp314-cp314t-manylinux2014_ppc64le.manylinux_2_17_ppc64le.manylinux_2_28_ppc64le.whl", hash = "sha256:3809988f0a8b8c9dcc0f92478d6501fac7200b9ec56aecf0ec21f4a2ec4b6009", size = 873451 },
    { url = "https://files.pythonhosted.org/packages/13/75/a55a4724c56ef13e3e04acaab29df26582f6978c000ac9cd6810ad1f341f/regex-2025.11.3-cp314-cp314t-manylinux2014_s390x.manylinux_2_17_s390x.manylinux_2_28_s390x.whl", hash = "sha256:f4ff94e58e84aedb9c9fce66d4ef9f27a190285b451420f297c9a09f2b9abee9", size = 914980 },
    { url = "https://files.pythonhosted.org/packages/67/1e/a1657ee15bd9116f70d4a530c736983eed997b361e20ecd8f5ca3759d5c5/regex-2025.11.3-cp314-cp314t-manylinux2014_x86_64.manylinux_2_17_x86_64.manylinux_2_28_x86_64.whl", hash = "sha256:7eb542fd347ce61e1321b0a6b945d5701528dca0cd9759c2e3bb8bd57e47964d", size = 812852 },
    { url = "https://files.pythonhosted.org/packages/b8/6f/f7516dde5506a588a561d296b2d0044839de06035bb486b326065b4c101e/regex-2025.11.3-cp314-cp314t-musllinux_1_2_aarch64.whl", hash = "sha256:d6c2d5919075a1f2e413c00b056ea0c2f065b3f5fe83c3d07d325ab92dce51d6", size = 795566 },
    { url = "https://files.pythonhosted.org/packages/d9/dd/3d10b9e170cc16fb34cb2cef91513cf3df65f440b3366030631b2984a264/regex-2025.11.3-cp314-cp314t-musllinux_1_2_ppc64le.whl", hash = "sha256:3f8bf11a4827cc7ce5a53d4ef6cddd5ad25595d3c1435ef08f76825851343154", size = 868463 },
    { url = "https://files.pythonhosted.org/packages/f5/8e/935e6beff1695aa9085ff83195daccd72acc82c81793df480f34569330de/regex-2025.11.3-cp314-cp314t-musllinux_1_2_s390x.whl", hash = "sha256:22c12d837298651e5550ac1d964e4ff57c3f56965fc1812c90c9fb2028eaf267", size = 854694 },
    { url = "https://files.pythonhosted.org/packages/92/12/10650181a040978b2f5720a6a74d44f841371a3d984c2083fc1752e4acf6/regex-2025.11.3-cp314-cp314t-musllinux_1_2_x86_64.whl", hash = "sha256:62ba394a3dda9ad41c7c780f60f6e4a70988741415ae96f6d1bf6c239cf01379", size = 799691 },
    { url = "https://files.pythonhosted.org/packages/67/90/8f37138181c9a7690e7e4cb388debbd389342db3c7381d636d2875940752/regex-2025.11.3-cp314-cp314t-win32.whl", hash = "sha256:4bf146dca15cdd53224a1bf46d628bd7590e4a07fbb69e720d561aea43a32b38", size = 274583 },
    { url = "https://files.pythonhosted.org/packages/8f/cd/867f5ec442d56beb56f5f854f40abcfc75e11d10b11fdb1869dd39c63aaf/regex-2025.11.3-cp314-cp314t-win_amd64.whl", hash = "sha256:adad1a1bcf1c9e76346e091d22d23ac54ef28e1365117d99521631078dfec9de", size = 284286 },
    { url = "https://files.pythonhosted.org/packages/20/31/32c0c4610cbc070362bf1d2e4ea86d1ea29014d400a6d6c2486fcfd57766/regex-2025.11.3-cp314-cp314t-win_arm64.whl", hash = "sha256:c54f768482cef41e219720013cd05933b6f971d9562544d691c68699bf2b6801", size = 274741 },
]

[[package]]
name = "six"
version = "1.17.0"
source = { registry = "https://pypi.org/simple" }
sdist = { url = "https://files.pythonhosted.org/packages/94/e7/b2c673351809dca68a0e064b6af791aa332cf192da575fd474ed7d6f16a2/six-1.17.0.tar.gz", hash = "sha256:ff70335d468e7eb6ec65b95b99d3a2836546063f63acc5171de367e834932a81", size = 34031 }
wheels = [
    { url = "https://files.pythonhosted.org/packages/b7/ce/149a00dd41f10bc29e5921b496af8b574d8413afcd5e30dfa0ed46c2cc5e/six-1.17.0-py2.py3-none-any.whl", hash = "sha256:4721f391ed90541fddacab5acf947aa0d3dc7d27b2e1e8eda2be8970586c3274", size = 11050 },
]

[[package]]
name = "tzdata"
version = "2025.3"
source = { registry = "https://pypi.org/simple" }
sdist = { url = "https://files.pythonhosted.org/packages/5e/a7/c202b344c5ca7daf398f3b8a477eeb205cf3b6f32e7ec3a6bac0629ca975/tzdata-2025.3.tar.gz", hash = "sha256:de39c2ca5dc7b0344f2eba86f49d614019d29f060fc4ebc8a417896a620b56a7", size = 196772 }
wheels = [
    { url = "https://files.pythonhosted.org/packages/c7/b0/003792df09decd6849a5e39c28b513c06e84436a54440380862b5aeff25d/tzdata-2025.3-py2.py3-none-any.whl", hash = "sha256:06a47e5700f3081aab02b2e513160914ff0694bce9947d6b76ebd6bf57cfc5d1", size = 348521 },
]

[[package]]
name = "tzlocal"
version = "5.3.1"
source = { registry = "https://pypi.org/simple" }
dependencies = [
    { name = "tzdata", marker = "sys_platform == 'win32'" },
]
sdist = { url = "https://files.pythonhosted.org/packages/8b/2e/c14812d3d4d9cd1773c6be938f89e5735a1f11a9f184ac3639b93cef35d5/tzlocal-5.3.1.tar.gz", hash = "sha256:cceffc7edecefea1f595541dbd6e990cb1ea3d19bf01b2809f362a03dd7921fd", size = 30761 }
wheels = [
    { url = "https://files.pythonhosted.org/packages/c2/14/e2a54fabd4f08cd7af1c07030603c3356b74da07f7cc056e600436edfa17/tzlocal-5.3.1-py3-none-any.whl", hash = "sha256:eb1a66c3ef5847adf7a834f1be0800581b683b5608e74f86ecbcef8ab91bb85d", size = 18026 },
]

[[package]]
name = "wrapt"
version = "2.0.1"
source = { registry = "https://pypi.org/simple" }
sdist = { url = "https://files.pythonhosted.org/packages/49/2a/6de8a50cb435b7f42c46126cf1a54b2aab81784e74c8595c8e025e8f36d3/wrapt-2.0.1.tar.gz", hash = "sha256:9c9c635e78497cacb81e84f8b11b23e0aacac7a136e73b8e5b2109a1d9fc468f", size = 82040 }
wheels = [
    { url = "https://files.pythonhosted.org/packages/ad/fe/41af4c46b5e498c90fc87981ab2972fbd9f0bccda597adb99d3d3441b94b/wrapt-2.0.1-cp313-cp313-macosx_10_13_universal2.whl", hash = "sha256:47b0f8bafe90f7736151f61482c583c86b0693d80f075a58701dd1549b0010a9", size = 78132 },
    { url = "https://files.pythonhosted.org/packages/1c/92/d68895a984a5ebbbfb175512b0c0aad872354a4a2484fbd5552e9f275316/wrapt-2.0.1-cp313-cp313-macosx_10_13_x86_64.whl", hash = "sha256:cbeb0971e13b4bd81d34169ed57a6dda017328d1a22b62fda45e1d21dd06148f", size = 61211 },
    { url = "https://files.pythonhosted.org/packages/e8/26/ba83dc5ae7cf5aa2b02364a3d9cf74374b86169906a1f3ade9a2d03cf21c/wrapt-2.0.1-cp313-cp313-macosx_11_0_arm64.whl", hash = "sha256:eb7cffe572ad0a141a7886a1d2efa5bef0bf7fe021deeea76b3ab334d2c38218", size = 61689 },
    { url = "https://files.pythonhosted.org/packages/cf/67/d7a7c276d874e5d26738c22444d466a3a64ed541f6ef35f740dbd865bab4/wrapt-2.0.1-cp313-cp313-manylinux1_x86_64.manylinux_2_28_x86_64.manylinux_2_5_x86_64.whl", hash = "sha256:c8d60527d1ecfc131426b10d93ab5d53e08a09c5fa0175f6b21b3252080c70a9", size = 121502 },
    { url = "https://files.pythonhosted.org/packages/0f/6b/806dbf6dd9579556aab22fc92908a876636e250f063f71548a8660382184/wrapt-2.0.1-cp313-cp313-manylinux2014_aarch64.manylinux_2_17_aarch64.manylinux_2_28_aarch64.whl", hash = "sha256:c654eafb01afac55246053d67a4b9a984a3567c3808bb7df2f8de1c1caba2e1c", size = 123110 },
    { url = "https://files.pythonhosted.org/packages/e5/08/cdbb965fbe4c02c5233d185d070cabed2ecc1f1e47662854f95d77613f57/wrapt-2.0.1-cp313-cp313-manylinux_2_31_riscv64.manylinux_2_39_riscv64.whl", hash = "sha256:98d873ed6c8b4ee2418f7afce666751854d6d03e3c0ec2a399bb039cd2ae89db", size = 117434 },
    { url = "https://files.pythonhosted.org/packages/2d/d1/6aae2ce39db4cb5216302fa2e9577ad74424dfbe315bd6669725569e048c/wrapt-2.0.1-cp313-cp313-musllinux_1_2_aarch64.whl", hash = "sha256:c9e850f5b7fc67af856ff054c71690d54fa940c3ef74209ad9f935b4f66a0233", size = 121533 },
    { url = "https://files.pythonhosted.org/packages/79/35/565abf57559fbe0a9155c29879ff43ce8bd28d2ca61033a3a3dd67b70794/wrapt-2.0.1-cp313-cp313-musllinux_1_2_riscv64.whl", hash = "sha256:e505629359cb5f751e16e30cf3f91a1d3ddb4552480c205947da415d597f7ac2", size = 116324 },
    { url = "https://files.pythonhosted.org/packages/e1/e0/53ff5e76587822ee33e560ad55876d858e384158272cd9947abdd4ad42ca/wrapt-2.0.1-cp313-cp313-musllinux_1_2_x86_64.whl", hash = "sha256:2879af909312d0baf35f08edeea918ee3af7ab57c37fe47cb6a373c9f2749c7b", size = 120627 },
    { url = "https://files.pythonhosted.org/packages/7c/7b/38df30fd629fbd7612c407643c63e80e1c60bcc982e30ceeae163a9800e7/wrapt-2.0.1-cp313-cp313-win32.whl", hash = "sha256:d67956c676be5a24102c7407a71f4126d30de2a569a1c7871c9f3cabc94225d7", size = 58252 },
    { url = "https://files.pythonhosted.org/packages/85/64/d3954e836ea67c4d3ad5285e5c8fd9d362fd0a189a2db622df457b0f4f6a/wrapt-2.0.1-cp313-cp313-win_amd64.whl", hash = "sha256:9ca66b38dd642bf90c59b6738af8070747b610115a39af2498535f62b5cdc1c3", size = 60500 },
    { url = "https://files.pythonhosted.org/packages/89/4e/3c8b99ac93527cfab7f116089db120fef16aac96e5f6cdb724ddf286086d/wrapt-2.0.1-cp313-cp313-win_arm64.whl", hash = "sha256:5a4939eae35db6b6cec8e7aa0e833dcca0acad8231672c26c2a9ab7a0f8ac9c8", size = 58993 },
    { url = "https://files.pythonhosted.org/packages/f9/f4/eff2b7d711cae20d220780b9300faa05558660afb93f2ff5db61fe725b9a/wrapt-2.0.1-cp313-cp313t-macosx_10_13_universal2.whl", hash = "sha256:a52f93d95c8d38fed0669da2ebdb0b0376e895d84596a976c15a9eb45e3eccb3", size = 82028 },
    { url = "https://files.pythonhosted.org/packages/0c/67/cb945563f66fd0f61a999339460d950f4735c69f18f0a87ca586319b1778/wrapt-2.0.1-cp313-cp313t-macosx_10_13_x86_64.whl", hash = "sha256:4e54bbf554ee29fcceee24fa41c4d091398b911da6e7f5d7bffda963c9aed2e1", size = 62949 },
    { url = "https://files.pythonhosted.org/packages/ec/ca/f63e177f0bbe1e5cf5e8d9b74a286537cd709724384ff20860f8f6065904/wrapt-2.0.1-cp313-cp313t-macosx_11_0_arm64.whl", hash = "sha256:908f8c6c71557f4deaa280f55d0728c3bca0960e8c3dd5ceeeafb3c19942719d", size = 63681 },
    { url = "https://files.pythonhosted.org/packages/39/a1/1b88fcd21fd835dca48b556daef750952e917a2794fa20c025489e2e1f0f/wrapt-2.0.1-cp313-cp313t-manylinux1_x86_64.manylinux_2_28_x86_64.manylinux_2_5_x86_64.whl", hash = "sha256:e2f84e9af2060e3904a32cea9bb6db23ce3f91cfd90c6b426757cf7cc01c45c7", size = 152696 },
    { url = "https://files.pythonhosted.org/packages/62/1c/d9185500c1960d9f5f77b9c0b890b7fc62282b53af7ad1b6bd779157f714/wrapt-2.0.1-cp313-cp313t-manylinux2014_aarch64.manylinux_2_17_aarch64.manylinux_2_28_aarch64.whl", hash = "sha256:e3612dc06b436968dfb9142c62e5dfa9eb5924f91120b3c8ff501ad878f90eb3", size = 158859 },
    { url = "https://files.pythonhosted.org/packages/91/60/5d796ed0f481ec003220c7878a1d6894652efe089853a208ea0838c13086/wrapt-2.0.1-cp313-cp313t-manylinux_2_31_riscv64.manylinux_2_39_riscv64.whl", hash = "sha256:6d2d947d266d99a1477cd005b23cbd09465276e302515e122df56bb9511aca1b", size = 146068 },
    { url = "https://files.pythonhosted.org/packages/04/f8/75282dd72f102ddbfba137e1e15ecba47b40acff32c08ae97edbf53f469e/wrapt-2.0.1-cp313-cp313t-musllinux_1_2_aarch64.whl", hash = "sha256:7d539241e87b650cbc4c3ac9f32c8d1ac8a54e510f6dca3f6ab60dcfd48c9b10", size = 155724 },
    { url = "https://files.pythonhosted.org/packages/5a/27/fe39c51d1b344caebb4a6a9372157bdb8d25b194b3561b52c8ffc40ac7d1/wrapt-2.0.1-cp313-cp313t-musllinux_1_2_riscv64.whl", hash = "sha256:4811e15d88ee62dbf5c77f2c3ff3932b1e3ac92323ba3912f51fc4016ce81ecf", size = 144413 },
    { url = "https://files.pythonhosted.org/packages/83/2b/9f6b643fe39d4505c7bf926d7c2595b7cb4b607c8c6b500e56c6b36ac238/wrapt-2.0.1-cp313-cp313t-musllinux_1_2_x86_64.whl", hash = "sha256:c1c91405fcf1d501fa5d55df21e58ea49e6b879ae829f1039faaf7e5e509b41e", size = 150325 },
    { url = "https://files.pythonhosted.org/packages/bb/b6/20ffcf2558596a7f58a2e69c89597128781f0b88e124bf5a4cadc05b8139/wrapt-2.0.1-cp313-cp313t-win32.whl", hash = "sha256:e76e3f91f864e89db8b8d2a8311d57df93f01ad6bb1e9b9976d1f2e83e18315c", size = 59943 },
    { url = "https://files.pythonhosted.org/packages/87/6a/0e56111cbb3320151eed5d3821ee1373be13e05b376ea0870711f18810c3/wrapt-2.0.1-cp313-cp313t-win_amd64.whl", hash = "sha256:83ce30937f0ba0d28818807b303a412440c4b63e39d3d8fc036a94764b728c92", size = 63240 },
    { url = "https://files.pythonhosted.org/packages/1d/54/5ab4c53ea1f7f7e5c3e7c1095db92932cc32fd62359d285486d00c2884c3/wrapt-2.0.1-cp313-cp313t-win_arm64.whl", hash = "sha256:4b55cacc57e1dc2d0991dbe74c6419ffd415fb66474a02335cb10efd1aa3f84f", size = 60416 },
    { url = "https://files.pythonhosted.org/packages/73/81/d08d83c102709258e7730d3cd25befd114c60e43ef3891d7e6877971c514/wrapt-2.0.1-cp314-cp314-macosx_10_13_universal2.whl", hash = "sha256:5e53b428f65ece6d9dad23cb87e64506392b720a0b45076c05354d27a13351a1", size = 78290 },
    { url = "https://files.pythonhosted.org/packages/f6/14/393afba2abb65677f313aa680ff0981e829626fed39b6a7e3ec807487790/wrapt-2.0.1-cp314-cp314-macosx_10_13_x86_64.whl", hash = "sha256:ad3ee9d0f254851c71780966eb417ef8e72117155cff04821ab9b60549694a55", size = 61255 },
    { url = "https://files.pythonhosted.org/packages/c4/10/a4a1f2fba205a9462e36e708ba37e5ac95f4987a0f1f8fd23f0bf1fc3b0f/wrapt-2.0.1-cp314-cp314-macosx_11_0_arm64.whl", hash = "sha256:d7b822c61ed04ee6ad64bc90d13368ad6eb094db54883b5dde2182f67a7f22c0", size = 61797 },
    { url = "https://files.pythonhosted.org/packages/12/db/99ba5c37cf1c4fad35349174f1e38bd8d992340afc1ff27f526729b98986/wrapt-2.0.1-cp314-cp314-manylinux1_x86_64.manylinux_2_28_x86_64.manylinux_2_5_x86_64.whl", hash = "sha256:7164a55f5e83a9a0b031d3ffab4d4e36bbec42e7025db560f225489fa929e509", size = 120470 },
    { url = "https://files.pythonhosted.org/packages/30/3f/a1c8d2411eb826d695fc3395a431757331582907a0ec59afce8fe8712473/wrapt-2.0.1-cp314-cp314-manylinux2014_aarch64.manylinux_2_17_aarch64.manylinux_2_28_aarch64.whl", hash = "sha256:e60690ba71a57424c8d9ff28f8d006b7ad7772c22a4af432188572cd7fa004a1", size = 122851 },
    { url = "https://files.pythonhosted.org/packages/b3/8d/72c74a63f201768d6a04a8845c7976f86be6f5ff4d74996c272cefc8dafc/wrapt-2.0.1-cp314-cp314-manylinux_2_31_riscv64.manylinux_2_39_riscv64.whl", hash = "sha256:3cd1a4bd9a7a619922a8557e1318232e7269b5fb69d4ba97b04d20450a6bf970", size = 117433 },
    { url = "https://files.pythonhosted.org/packages/c7/5a/df37cf4042cb13b08256f8e27023e2f9b3d471d553376616591bb99bcb31/wrapt-2.0.1-cp314-cp314-musllinux_1_2_aarch64.whl", hash = "sha256:b4c2e3d777e38e913b8ce3a6257af72fb608f86a1df471cb1d4339755d0a807c", size = 121280 },
    { url = "https://files.pythonhosted.org/packages/54/34/40d6bc89349f9931e1186ceb3e5fbd61d307fef814f09fbbac98ada6a0c8/wrapt-2.0.1-cp314-cp314-musllinux_1_2_riscv64.whl", hash = "sha256:3d366aa598d69416b5afedf1faa539fac40c1d80a42f6b236c88c73a3c8f2d41", size = 116343 },
    { url = "https://files.pythonhosted.org/packages/70/66/81c3461adece09d20781dee17c2366fdf0cb8754738b521d221ca056d596/wrapt-2.0.1-cp314-cp314-musllinux_1_2_x86_64.whl", hash = "sha256:c235095d6d090aa903f1db61f892fffb779c1eaeb2a50e566b52001f7a0f66ed", size = 119650 },
    { url = "https://files.pythonhosted.org/packages/46/3a/d0146db8be8761a9e388cc9cc1c312b36d583950ec91696f19bbbb44af5a/wrapt-2.0.1-cp314-cp314-win32.whl", hash = "sha256:bfb5539005259f8127ea9c885bdc231978c06b7a980e63a8a61c8c4c979719d0", size = 58701 },
    { url = "https://files.pythonhosted.org/packages/1a/38/5359da9af7d64554be63e9046164bd4d8ff289a2dd365677d25ba3342c08/wrapt-2.0.1-cp314-cp314-win_amd64.whl", hash = "sha256:4ae879acc449caa9ed43fc36ba08392b9412ee67941748d31d94e3cedb36628c", size = 60947 },
    { url = "https://files.pythonhosted.org/packages/aa/3f/96db0619276a833842bf36343685fa04f987dd6e3037f314531a1e00492b/wrapt-2.0.1-cp314-cp314-win_arm64.whl", hash = "sha256:8639b843c9efd84675f1e100ed9e99538ebea7297b62c4b45a7042edb84db03e", size = 59359 },
    { url = "https://files.pythonhosted.org/packages/71/49/5f5d1e867bf2064bf3933bc6cf36ade23505f3902390e175e392173d36a2/wrapt-2.0.1-cp314-cp314t-macosx_10_13_universal2.whl", hash = "sha256:9219a1d946a9b32bb23ccae66bdb61e35c62773ce7ca6509ceea70f344656b7b", size = 82031 },
    { url = "https://files.pythonhosted.org/packages/2b/89/0009a218d88db66ceb83921e5685e820e2c61b59bbbb1324ba65342668bc/wrapt-2.0.1-cp314-cp314t-macosx_10_13_x86_64.whl", hash = "sha256:fa4184e74197af3adad3c889a1af95b53bb0466bced92ea99a0c014e48323eec", size = 62952 },
    { url = "https://files.pythonhosted.org/packages/ae/18/9b968e920dd05d6e44bcc918a046d02afea0fb31b2f1c80ee4020f377cbe/wrapt-2.0.1-cp314-cp314t-macosx_11_0_arm64.whl", hash = "sha256:c5ef2f2b8a53b7caee2f797ef166a390fef73979b15778a4a153e4b5fedce8fa", size = 63688 },
    { url = "https://files.pythonhosted.org/packages/a6/7d/78bdcb75826725885d9ea26c49a03071b10c4c92da93edda612910f150e4/wrapt-2.0.1-cp314-cp314t-manylinux1_x86_64.manylinux_2_28_x86_64.manylinux_2_5_x86_64.whl", hash = "sha256:e042d653a4745be832d5aa190ff80ee4f02c34b21f4b785745eceacd0907b815", size = 152706 },
    { url = "https://files.pythonhosted.org/packages/dd/77/cac1d46f47d32084a703df0d2d29d47e7eb2a7d19fa5cbca0e529ef57659/wrapt-2.0.1-cp314-cp314t-manylinux2014_aarch64.manylinux_2_17_aarch64.manylinux_2_28_aarch64.whl", hash = "sha256:2afa23318136709c4b23d87d543b425c399887b4057936cd20386d5b1422b6fa", size = 158866 },
    { url = "https://files.pythonhosted.org/packages/8a/11/b521406daa2421508903bf8d5e8b929216ec2af04839db31c0a2c525eee0/wrapt-2.0.1-cp314-cp314t-manylinux_2_31_riscv64.manylinux_2_39_riscv64.whl", hash = "sha256:6c72328f668cf4c503ffcf9434c2b71fdd624345ced7941bc6693e61bbe36bef", size = 146148 },
    { url = "https://files.pythonhosted.org/packages/0c/c0/340b272bed297baa7c9ce0c98ef7017d9c035a17a6a71dce3184b8382da2/wrapt-2.0.1-cp314-cp314t-musllinux_1_2_aarch64.whl", hash = "sha256:3793ac154afb0e5b45d1233cb94d354ef7a983708cc3bb12563853b1d8d53747", size = 155737 },
    { url = "https://files.pythonhosted.org/packages/f3/93/bfcb1fb2bdf186e9c2883a4d1ab45ab099c79cbf8f4e70ea453811fa3ea7/wrapt-2.0.1-cp314-cp314t-musllinux_1_2_riscv64.whl", hash = "sha256:fec0d993ecba3991645b4857837277469c8cc4c554a7e24d064d1ca291cfb81f", size = 144451 },
    { url = "https://files.pythonhosted.org/packages/d2/6b/dca504fb18d971139d232652656180e3bd57120e1193d9a5899c3c0b7cdd/wrapt-2.0.1-cp314-cp314t-musllinux_1_2_x86_64.whl", hash = "sha256:949520bccc1fa227274da7d03bf238be15389cd94e32e4297b92337df9b7a349", size = 150353 },
    { url = "https://files.pythonhosted.org/packages/1d/f6/a1de4bd3653afdf91d250ca5c721ee51195df2b61a4603d4b373aa804d1d/wrapt-2.0.1-cp314-cp314t-win32.whl", hash = "sha256:be9e84e91d6497ba62594158d3d31ec0486c60055c49179edc51ee43d095f79c", size = 60609 },
    { url = "https://files.pythonhosted.org/packages/01/3a/07cd60a9d26fe73efead61c7830af975dfdba8537632d410462672e4432b/wrapt-2.0.1-cp314-cp314t-win_amd64.whl", hash = "sha256:61c4956171c7434634401db448371277d07032a81cc21c599c22953374781395", size = 64038 },
    { url = "https://files.pythonhosted.org/packages/41/99/8a06b8e17dddbf321325ae4eb12465804120f699cd1b8a355718300c62da/wrapt-2.0.1-cp314-cp314t-win_arm64.whl", hash = "sha256:35cdbd478607036fee40273be8ed54a451f5f23121bd9d4be515158f9498f7ad", size = 60634 },
    { url = "https://files.pythonhosted.org/packages/15/d1/b51471c11592ff9c012bd3e2f7334a6ff2f42a7aed2caffcf0bdddc9cb89/wrapt-2.0.1-py3-none-any.whl", hash = "sha256:4d2ce1bf1a48c5277d7969259232b57645aae5686dba1eaeade39442277afbca", size = 44046 },
]
